
Microsoft Visual Studio Solution File, Format Version 12.00
# Visual Studio Version 16
VisualStudioVersion = 16.0.31112.23
MinimumVisualStudioVersion = 10.0.40219.1
Project("{FAE04EC0-301F-11D3-BF4B-00C04F79EFBC}") = "SuShu", "Homework2\SuShu.csproj", "{155F599D-E5AE-4109-9562-A3381E3D7564}"
EndProject
Project("{FAE04EC0-301F-11D3-BF4B-00C04F79EFBC}") = "ShuZu", "ShuZu\ShuZu.csproj", "{6D1EA43E-63D0-44EC-A3E3-9A7AA5B7AD3B}"
EndProject
Project("{FAE04EC0-301F-11D3-BF4B-00C04F79EFBC}") = "Ai", "Ai\Ai.csproj", "{E83CADC5-D22E-4FD4-A7CC-0AFAD0497E62}"
EndProject
Project("{FAE04EC0-301F-11D3-BF4B-00C04F79EFBC}") = "Matrix", "Matrix\Matrix.csproj", "{1E56553B-473A-40D3-B404-F6276BB5F3CD}"
EndProject
Global
	GlobalSection(SolutionConfigurationPlatforms) = preSolution
		Debug|Any CPU = Debug|Any CPU
		Release|Any CPU = Release|Any CPU
	EndGlobalSection
	GlobalSection(ProjectConfigurationPlatforms) = postSolution
		{155F599D-E5AE-4109-9562-A3381E3D7564}.Debug|Any CPU.ActiveCfg = Debug|Any CPU
		{155F599D-E5AE-4109-9562-A3381E3D7564}.Debug|Any CPU.Build.0 = Debug|Any CPU
		{155F599D-E5AE-4109-9562-A3381E3D7564}.Release|Any CPU.ActiveCfg = Release|Any CPU
		{155F599D-E5AE-4109-9562-A3381E3D7564}.Release|Any CPU.Build.0 = Release|Any CPU
		{6D1EA43E-63D0-44EC-A3E3-9A7AA5B7AD3B}.Debug|Any CPU.ActiveCfg = Debug|Any CPU
		{6D1EA43E-63D0-44EC-A3E3-9A7AA5B7AD3B}.Debug|Any CPU.Build.0 = Debug|Any CPU
		{6D1EA43E-63D0-44EC-A3E3-9A7AA5B7AD3B}.Release|Any CPU.ActiveCfg = Release|Any CPU
		{6D1EA43E-63D0-44EC-A3E3-9A7AA5B7AD3B}.Release|Any CPU.Build.0 = Release|Any CPU
		{E83CADC5-D22E-4FD4-A7CC-0AFAD0497E62}.Debug|Any CPU.ActiveCfg = Debug|Any CPU
		{E83CADC5-D22E-4FD4-A7CC-0AFAD0497E62}.Debug|Any CPU.Build.0 = Debug|Any CPU
		{E83CADC5-D22E-4FD4-A7CC-0AFAD0497E62}.Release|Any CPU.ActiveCfg = Release|Any CPU
		{E83CADC5-D22E-4FD4-A7CC-0AFAD0497E62}.Release|Any CPU.Build.0 = Release|Any CPU
		{1E56553B-473A-40D3-B404-F6276BB5F3CD}.Debug|Any CPU.ActiveCfg = Debug|Any CPU
		{1E56553B-473A-40D3-B404-F6276BB5F3CD}.Debug|Any CPU.Build.0 = Debug|Any CPU
		{1E56553B-473A-40D3-B404-F6276BB5F3CD}.Release|Any CPU.ActiveCfg = Release|Any CPU
		{1E56553B-473A-40D3-B404-F6276BB5F3CD}.Release|Any CPU.Build.0 = Release|Any CPU
	EndGlobalSection
	GlobalSection(SolutionProperties) = preSolution
		HideSolutionNode = FALSE
	EndGlobalSection
	GlobalSection(ExtensibilityGlobals) = postSolution
		SolutionGuid = {D6638B2E-9FA3-4B67-8EFC-639609395C82}
	EndGlobalSection
EndGlobal
