
Microsoft Visual Studio Solution File, Format Version 12.00
# Visual Studio Version 16
VisualStudioVersion = 16.0.31112.23
MinimumVisualStudioVersion = 10.0.40219.1
Project("{FAE04EC0-301F-11D3-BF4B-00C04F79EFBC}") = "AlarmClock", "AlarmClock\AlarmClock.csproj", "{84F1BEA7-AA23-4427-9C13-01F409BA9926}"
EndProject
Global
	GlobalSection(SolutionConfigurationPlatforms) = preSolution
		Debug|Any CPU = Debug|Any CPU
		Release|Any CPU = Release|Any CPU
	EndGlobalSection
	GlobalSection(ProjectConfigurationPlatforms) = postSolution
		{84F1BEA7-AA23-4427-9C13-01F409BA9926}.Debug|Any CPU.ActiveCfg = Debug|Any CPU
		{84F1BEA7-AA23-4427-9C13-01F409BA9926}.Debug|Any CPU.Build.0 = Debug|Any CPU
		{84F1BEA7-AA23-4427-9C13-01F409BA9926}.Release|Any CPU.ActiveCfg = Release|Any CPU
		{84F1BEA7-AA23-4427-9C13-01F409BA9926}.Release|Any CPU.Build.0 = Release|Any CPU
	EndGlobalSection
	GlobalSection(SolutionProperties) = preSolution
		HideSolutionNode = FALSE
	EndGlobalSection
	GlobalSection(ExtensibilityGlobals) = postSolution
		SolutionGuid = {CB8F51B1-9E6B-447A-8CCF-ED2B486D09FC}
	EndGlobalSection
EndGlobal
